
Microsoft Visual Studio Solution File, Format Version 12.00
# Visual Studio Version 16
VisualStudioVersion = 16.0.31402.337
MinimumVisualStudioVersion = 10.0.40219.1
Project("{9A19103F-16F7-4668-BE54-9A1E7A4F7556}") = "gerenciador-fundamentos", "gerenciador-fundamentos.csproj", "{4EDD0FC9-5734-49D8-93D5-81C2776258AF}"
EndProject
Project("{9A19103F-16F7-4668-BE54-9A1E7A4F7556}") = "Aplicacao", "..\Aplicacao\Aplicacao.csproj", "{83F53D68-64B0-4E5D-A2D2-01DC54CAC841}"
EndProject
Project("{9A19103F-16F7-4668-BE54-9A1E7A4F7556}") = "Infra", "..\Infra\Infra.csproj", "{1B450894-E285-4078-8888-62A554AF184E}"
EndProject
Project("{9A19103F-16F7-4668-BE54-9A1E7A4F7556}") = "Dominio", "..\Dominio\Dominio.csproj", "{66FBFA11-9AD1-427A-81B1-D7E3F3BC7425}"
EndProject
Global
	GlobalSection(SolutionConfigurationPlatforms) = preSolution
		Debug|Any CPU = Debug|Any CPU
		Release|Any CPU = Release|Any CPU
	EndGlobalSection
	GlobalSection(ProjectConfigurationPlatforms) = postSolution
		{4EDD0FC9-5734-49D8-93D5-81C2776258AF}.Debug|Any CPU.ActiveCfg = Debug|Any CPU
		{4EDD0FC9-5734-49D8-93D5-81C2776258AF}.Debug|Any CPU.Build.0 = Debug|Any CPU
		{4EDD0FC9-5734-49D8-93D5-81C2776258AF}.Release|Any CPU.ActiveCfg = Release|Any CPU
		{4EDD0FC9-5734-49D8-93D5-81C2776258AF}.Release|Any CPU.Build.0 = Release|Any CPU
		{83F53D68-64B0-4E5D-A2D2-01DC54CAC841}.Debug|Any CPU.ActiveCfg = Debug|Any CPU
		{83F53D68-64B0-4E5D-A2D2-01DC54CAC841}.Debug|Any CPU.Build.0 = Debug|Any CPU
		{83F53D68-64B0-4E5D-A2D2-01DC54CAC841}.Release|Any CPU.ActiveCfg = Release|Any CPU
		{83F53D68-64B0-4E5D-A2D2-01DC54CAC841}.Release|Any CPU.Build.0 = Release|Any CPU
		{1B450894-E285-4078-8888-62A554AF184E}.Debug|Any CPU.ActiveCfg = Debug|Any CPU
		{1B450894-E285-4078-8888-62A554AF184E}.Debug|Any CPU.Build.0 = Debug|Any CPU
		{1B450894-E285-4078-8888-62A554AF184E}.Release|Any CPU.ActiveCfg = Release|Any CPU
		{1B450894-E285-4078-8888-62A554AF184E}.Release|Any CPU.Build.0 = Release|Any CPU
		{66FBFA11-9AD1-427A-81B1-D7E3F3BC7425}.Debug|Any CPU.ActiveCfg = Debug|Any CPU
		{66FBFA11-9AD1-427A-81B1-D7E3F3BC7425}.Debug|Any CPU.Build.0 = Debug|Any CPU
		{66FBFA11-9AD1-427A-81B1-D7E3F3BC7425}.Release|Any CPU.ActiveCfg = Release|Any CPU
		{66FBFA11-9AD1-427A-81B1-D7E3F3BC7425}.Release|Any CPU.Build.0 = Release|Any CPU
	EndGlobalSection
	GlobalSection(SolutionProperties) = preSolution
		HideSolutionNode = FALSE
	EndGlobalSection
	GlobalSection(ExtensibilityGlobals) = postSolution
		SolutionGuid = {532158B8-C84E-46E3-B0B7-DC97FE121228}
	EndGlobalSection
EndGlobal
